// !$*UTF8*$!
{
	archiveVersion = 1;
	classes = {
	};
	objectVersion = 55;
	objects = {

/* Begin PBXBuildFile section */
		7C0306B6288E454000071801 /* AppDelegate.swift in Sources */ = {isa = PBXBuildFile; fileRef = 7C0306B5288E454000071801 /* AppDelegate.swift */; };
		7C0306B8288E454000071801 /* SceneDelegate.swift in Sources */ = {isa = PBXBuildFile; fileRef = 7C0306B7288E454000071801 /* SceneDelegate.swift */; };
		7C0306BA288E454000071801 /* MainViewController.swift in Sources */ = {isa = PBXBuildFile; fileRef = 7C0306B9288E454000071801 /* MainViewController.swift */; };
		7C0306BD288E454000071801 /* Main.storyboard in Resources */ = {isa = PBXBuildFile; fileRef = 7C0306BB288E454000071801 /* Main.storyboard */; };
		7C0306BF288E454200071801 /* Assets.xcassets in Resources */ = {isa = PBXBuildFile; fileRef = 7C0306BE288E454200071801 /* Assets.xcassets */; };
		7C0306C2288E454200071801 /* LaunchScreen.storyboard in Resources */ = {isa = PBXBuildFile; fileRef = 7C0306C0288E454200071801 /* LaunchScreen.storyboard */; };
		7C0306CA288E45A100071801 /* Quotes_Helpler.swift in Sources */ = {isa = PBXBuildFile; fileRef = 7C0306C9288E45A100071801 /* Quotes_Helpler.swift */; };
		7C2AA7AE28A93BDA00783E19 /* ListQuotesViewController.swift in Sources */ = {isa = PBXBuildFile; fileRef = 7C2AA7AD28A93BDA00783E19 /* ListQuotesViewController.swift */; };
		7C2AA7B028A93C1E00783E19 /* ListAuthorsViewController.swift in Sources */ = {isa = PBXBuildFile; fileRef = 7C2AA7AF28A93C1E00783E19 /* ListAuthorsViewController.swift */; };
		7C2AA7B628A9514500783E19 /* InspiringQuotes.xcdatamodeld in Sources */ = {isa = PBXBuildFile; fileRef = 7C2AA7B428A9514500783E19 /* InspiringQuotes.xcdatamodeld */; };
		7C2AA7B828A9553600783E19 /* QuotesModel.swift in Sources */ = {isa = PBXBuildFile; fileRef = 7C2AA7B728A9553600783E19 /* QuotesModel.swift */; };
		7C2AA7BA28A97AE800783E19 /* QuotesTableViewCell.swift in Sources */ = {isa = PBXBuildFile; fileRef = 7C2AA7B928A97AE800783E19 /* QuotesTableViewCell.swift */; };
		7C2AA7BC28A9899400783E19 /* AuthorsTableViewCell.swift in Sources */ = {isa = PBXBuildFile; fileRef = 7C2AA7BB28A9899400783E19 /* AuthorsTableViewCell.swift */; };
		7C2AA7BE28A993F700783E19 /* ListAuthorSingleViewController.swift in Sources */ = {isa = PBXBuildFile; fileRef = 7C2AA7BD28A993F700783E19 /* ListAuthorSingleViewController.swift */; };
		7C2AA7C028A99B7C00783E19 /* AuthorSpecificTableCellTableViewCell.swift in Sources */ = {isa = PBXBuildFile; fileRef = 7C2AA7BF28A99B7C00783E19 /* AuthorSpecificTableCellTableViewCell.swift */; };
		7CC1BABE28ABF5C5001F3E5C /* ListFavViewController.swift in Sources */ = {isa = PBXBuildFile; fileRef = 7CC1BABD28ABF5C5001F3E5C /* ListFavViewController.swift */; };
/* End PBXBuildFile section */

/* Begin PBXFileReference section */
		7C0306B2288E454000071801 /* InspiringQuotes.app */ = {isa = PBXFileReference; explicitFileType = wrapper.application; includeInIndex = 0; path = InspiringQuotes.app; sourceTree = BUILT_PRODUCTS_DIR; };
		7C0306B5288E454000071801 /* AppDelegate.swift */ = {isa = PBXFileReference; lastKnownFileType = sourcecode.swift; path = AppDelegate.swift; sourceTree = "<group>"; };
		7C0306B7288E454000071801 /* SceneDelegate.swift */ = {isa = PBXFileReference; lastKnownFileType = sourcecode.swift; path = SceneDelegate.swift; sourceTree = "<group>"; };
		7C0306B9288E454000071801 /* MainViewController.swift */ = {isa = PBXFileReference; lastKnownFileType = sourcecode.swift; path = MainViewController.swift; sourceTree = "<group>"; };
		7C0306BC288E454000071801 /* Base */ = {isa = PBXFileReference; lastKnownFileType = file.storyboard; name = Base; path = Base.lproj/Main.storyboard; sourceTree = "<group>"; };
		7C0306BE288E454200071801 /* Assets.xcassets */ = {isa = PBXFileReference; lastKnownFileType = folder.assetcatalog; path = Assets.xcassets; sourceTree = "<group>"; };
		7C0306C1288E454200071801 /* Base */ = {isa = PBXFileReference; lastKnownFileType = file.storyboard; name = Base; path = Base.lproj/LaunchScreen.storyboard; sourceTree = "<group>"; };
		7C0306C3288E454200071801 /* Info.plist */ = {isa = PBXFileReference; lastKnownFileType = text.plist.xml; path = Info.plist; sourceTree = "<group>"; };
		7C0306C9288E45A100071801 /* Quotes_Helpler.swift */ = {isa = PBXFileReference; lastKnownFileType = sourcecode.swift; path = Quotes_Helpler.swift; sourceTree = "<group>"; };
		7C2AA7AD28A93BDA00783E19 /* ListQuotesViewController.swift */ = {isa = PBXFileReference; lastKnownFileType = sourcecode.swift; path = ListQuotesViewController.swift; sourceTree = "<group>"; };
		7C2AA7AF28A93C1E00783E19 /* ListAuthorsViewController.swift */ = {isa = PBXFileReference; lastKnownFileType = sourcecode.swift; path = ListAuthorsViewController.swift; sourceTree = "<group>"; };
		7C2AA7B528A9514500783E19 /* InspiringQuotes.xcdatamodel */ = {isa = PBXFileReference; lastKnownFileType = wrapper.xcdatamodel; path = InspiringQuotes.xcdatamodel; sourceTree = "<group>"; };
		7C2AA7B728A9553600783E19 /* QuotesModel.swift */ = {isa = PBXFileReference; lastKnownFileType = sourcecode.swift; path = QuotesModel.swift; sourceTree = "<group>"; };
		7C2AA7B928A97AE800783E19 /* QuotesTableViewCell.swift */ = {isa = PBXFileReference; lastKnownFileType = sourcecode.swift; path = QuotesTableViewCell.swift; sourceTree = "<group>"; };
		7C2AA7BB28A9899400783E19 /* AuthorsTableViewCell.swift */ = {isa = PBXFileReference; lastKnownFileType = sourcecode.swift; path = AuthorsTableViewCell.swift; sourceTree = "<group>"; };
		7C2AA7BD28A993F700783E19 /* ListAuthorSingleViewController.swift */ = {isa = PBXFileReference; lastKnownFileType = sourcecode.swift; path = ListAuthorSingleViewController.swift; sourceTree = "<group>"; };
		7C2AA7BF28A99B7C00783E19 /* AuthorSpecificTableCellTableViewCell.swift */ = {isa = PBXFileReference; lastKnownFileType = sourcecode.swift; path = AuthorSpecificTableCellTableViewCell.swift; sourceTree = "<group>"; };
		7CC1BABD28ABF5C5001F3E5C /* ListFavViewController.swift */ = {isa = PBXFileReference; lastKnownFileType = sourcecode.swift; path = ListFavViewController.swift; sourceTree = "<group>"; };
/* End PBXFileReference section */

/* Begin PBXFrameworksBuildPhase section */
		7C0306AF288E454000071801 /* Frameworks */ = {
			isa = PBXFrameworksBuildPhase;
			buildActionMask = 2147483647;
			files = (
			);
			runOnlyForDeploymentPostprocessing = 0;
		};
/* End PBXFrameworksBuildPhase section */

/* Begin PBXGroup section */
		7C0306A9288E454000071801 = {
			isa = PBXGroup;
			children = (
				7C0306B4288E454000071801 /* InspiringQuotes */,
				7C0306B3288E454000071801 /* Products */,
			);
			sourceTree = "<group>";
		};
		7C0306B3288E454000071801 /* Products */ = {
			isa = PBXGroup;
			children = (
				7C0306B2288E454000071801 /* InspiringQuotes.app */,
			);
			name = Products;
			sourceTree = "<group>";
		};
		7C0306B4288E454000071801 /* InspiringQuotes */ = {
			isa = PBXGroup;
			children = (
				7C0306B5288E454000071801 /* AppDelegate.swift */,
				7C0306B7288E454000071801 /* SceneDelegate.swift */,
				7C0306B9288E454000071801 /* MainViewController.swift */,
				7C2AA7BD28A993F700783E19 /* ListAuthorSingleViewController.swift */,
				7C2AA7AF28A93C1E00783E19 /* ListAuthorsViewController.swift */,
				7CC1BABD28ABF5C5001F3E5C /* ListFavViewController.swift */,
				7C2AA7AD28A93BDA00783E19 /* ListQuotesViewController.swift */,
				7C0306BB288E454000071801 /* Main.storyboard */,
				7C0306BE288E454200071801 /* Assets.xcassets */,
				7C0306C0288E454200071801 /* LaunchScreen.storyboard */,
				7C0306C9288E45A100071801 /* Quotes_Helpler.swift */,
				7C2AA7B728A9553600783E19 /* QuotesModel.swift */,
				7C2AA7B928A97AE800783E19 /* QuotesTableViewCell.swift */,
				7C2AA7BB28A9899400783E19 /* AuthorsTableViewCell.swift */,
				7C2AA7BF28A99B7C00783E19 /* AuthorSpecificTableCellTableViewCell.swift */,
				7C0306C3288E454200071801 /* Info.plist */,
				7C2AA7B428A9514500783E19 /* InspiringQuotes.xcdatamodeld */,
			);
			path = InspiringQuotes;
			sourceTree = "<group>";
		};
/* End PBXGroup section */

/* Begin PBXNativeTarget section */
		7C0306B1288E454000071801 /* InspiringQuotes */ = {
			isa = PBXNativeTarget;
			buildConfigurationList = 7C0306C6288E454200071801 /* Build configuration list for PBXNativeTarget "InspiringQuotes" */;
			buildPhases = (
				7C0306AE288E454000071801 /* Sources */,
				7C0306AF288E454000071801 /* Frameworks */,
				7C0306B0288E454000071801 /* Resources */,
			);
			buildRules = (
			);
			dependencies = (
			);
			name = InspiringQuotes;
			productName = InspiringQuotes;
			productReference = 7C0306B2288E454000071801 /* InspiringQuotes.app */;
			productType = "com.apple.product-type.application";
		};
/* End PBXNativeTarget section */

/* Begin PBXProject section */
		7C0306AA288E454000071801 /* Project object */ = {
			isa = PBXProject;
			attributes = {
				BuildIndependentTargetsInParallel = 1;
				LastSwiftUpdateCheck = 1320;
				LastUpgradeCheck = 1320;
				TargetAttributes = {
					7C0306B1288E454000071801 = {
						CreatedOnToolsVersion = 13.2.1;
					};
				};
			};
			buildConfigurationList = 7C0306AD288E454000071801 /* Build configuration list for PBXProject "InspiringQuotes" */;
			compatibilityVersion = "Xcode 13.0";
			developmentRegion = en;
			hasScannedForEncodings = 0;
			knownRegions = (
				en,
				Base,
			);
			mainGroup = 7C0306A9288E454000071801;
			productRefGroup = 7C0306B3288E454000071801 /* Products */;
			projectDirPath = "";
			projectRoot = "";
			targets = (
				7C0306B1288E454000071801 /* InspiringQuotes */,
			);
		};
/* End PBXProject section */

/* Begin PBXResourcesBuildPhase section */
		7C0306B0288E454000071801 /* Resources */ = {
			isa = PBXResourcesBuildPhase;
			buildActionMask = 2147483647;
			files = (
				7C0306C2288E454200071801 /* LaunchScreen.storyboard in Resources */,
				7C0306BF288E454200071801 /* Assets.xcassets in Resources */,
				7C0306BD288E454000071801 /* Main.storyboard in Resources */,
			);
			runOnlyForDeploymentPostprocessing = 0;
		};
/* End PBXResourcesBuildPhase section */

/* Begin PBXSourcesBuildPhase section */
		7C0306AE288E454000071801 /* Sources */ = {
			isa = PBXSourcesBuildPhase;
			buildActionMask = 2147483647;
			files = (
				7C2AA7BC28A9899400783E19 /* AuthorsTableViewCell.swift in Sources */,
				7CC1BABE28ABF5C5001F3E5C /* ListFavViewController.swift in Sources */,
				7C0306BA288E454000071801 /* MainViewController.swift in Sources */,
				7C0306B6288E454000071801 /* AppDelegate.swift in Sources */,
				7C0306B8288E454000071801 /* SceneDelegate.swift in Sources */,
				7C2AA7AE28A93BDA00783E19 /* ListQuotesViewController.swift in Sources */,
				7C2AA7C028A99B7C00783E19 /* AuthorSpecificTableCellTableViewCell.swift in Sources */,
				7C2AA7B628A9514500783E19 /* InspiringQuotes.xcdatamodeld in Sources */,
				7C2AA7BA28A97AE800783E19 /* QuotesTableViewCell.swift in Sources */,
				7C0306CA288E45A100071801 /* Quotes_Helpler.swift in Sources */,
				7C2AA7B828A9553600783E19 /* QuotesModel.swift in Sources */,
				7C2AA7BE28A993F700783E19 /* ListAuthorSingleViewController.swift in Sources */,
				7C2AA7B028A93C1E00783E19 /* ListAuthorsViewController.swift in Sources */,
			);
			runOnlyForDeploymentPostprocessing = 0;
		};
/* End PBXSourcesBuildPhase section */

/* Begin PBXVariantGroup section */
		7C0306BB288E454000071801 /* Main.storyboard */ = {
			isa = PBXVariantGroup;
			children = (
				7C0306BC288E454000071801 /* Base */,
			);
			name = Main.storyboard;
			sourceTree = "<group>";
		};
		7C0306C0288E454200071801 /* LaunchScreen.storyboard */ = {
			isa = PBXVariantGroup;
			children = (
				7C0306C1288E454200071801 /* Base */,
			);
			name = LaunchScreen.storyboard;
			sourceTree = "<group>";
		};
/* End PBXVariantGroup section */

/* Begin XCBuildConfiguration section */
		7C0306C4288E454200071801 /* Debug */ = {
			isa = XCBuildConfiguration;
			buildSettings = {
				ALWAYS_SEARCH_USER_PATHS = NO;
				CLANG_ANALYZER_NONNULL = YES;
				CLANG_ANALYZER_NUMBER_OBJECT_CONVERSION = YES_AGGRESSIVE;
				CLANG_CXX_LANGUAGE_STANDARD = "gnu++17";
				CLANG_CXX_LIBRARY = "libc++";
				CLANG_ENABLE_MODULES = YES;
				CLANG_ENABLE_OBJC_ARC = YES;
				CLANG_ENABLE_OBJC_WEAK = YES;
				CLANG_WARN_BLOCK_CAPTURE_AUTORELEASING = YES;
				CLANG_WARN_BOOL_CONVERSION = YES;
				CLANG_WARN_COMMA = YES;
				CLANG_WARN_CONSTANT_CONVERSION = YES;
				CLANG_WARN_DEPRECATED_OBJC_IMPLEMENTATIONS = YES;
				CLANG_WARN_DIRECT_OBJC_ISA_USAGE = YES_ERROR;
				CLANG_WARN_DOCUMENTATION_COMMENTS = YES;
				CLANG_WARN_EMPTY_BODY = YES;
				CLANG_WARN_ENUM_CONVERSION = YES;
				CLANG_WARN_INFINITE_RECURSION = YES;
				CLANG_WARN_INT_CONVERSION = YES;
				CLANG_WARN_NON_LITERAL_NULL_CONVERSION = YES;
				CLANG_WARN_OBJC_IMPLICIT_RETAIN_SELF = YES;
				CLANG_WARN_OBJC_LITERAL_CONVERSION = YES;
				CLANG_WARN_OBJC_ROOT_CLASS = YES_ERROR;
				CLANG_WARN_QUOTED_INCLUDE_IN_FRAMEWORK_HEADER = YES;
				CLANG_WARN_RANGE_LOOP_ANALYSIS = YES;
				CLANG_WARN_STRICT_PROTOTYPES = YES;
				CLANG_WARN_SUSPICIOUS_MOVE = YES;
				CLANG_WARN_UNGUARDED_AVAILABILITY = YES_AGGRESSIVE;
				CLANG_WARN_UNREACHABLE_CODE = YES;
				CLANG_WARN__DUPLICATE_METHOD_MATCH = YES;
				COPY_PHASE_STRIP = NO;
				DEBUG_INFORMATION_FORMAT = dwarf;
				ENABLE_STRICT_OBJC_MSGSEND = YES;
				ENABLE_TESTABILITY = YES;
				GCC_C_LANGUAGE_STANDARD = gnu11;
				GCC_DYNAMIC_NO_PIC = NO;
				GCC_NO_COMMON_BLOCKS = YES;
				GCC_OPTIMIZATION_LEVEL = 0;
				GCC_PREPROCESSOR_DEFINITIONS = (
					"DEBUG=1",
					"$(inherited)",
				);
				GCC_WARN_64_TO_32_BIT_CONVERSION = YES;
				GCC_WARN_ABOUT_RETURN_TYPE = YES_ERROR;
				GCC_WARN_UNDECLARED_SELECTOR = YES;
				GCC_WARN_UNINITIALIZED_AUTOS = YES_AGGRESSIVE;
				GCC_WARN_UNUSED_FUNCTION = YES;
				GCC_WARN_UNUSED_VARIABLE = YES;
				IPHONEOS_DEPLOYMENT_TARGET = 15.2;
				MTL_ENABLE_DEBUG_INFO = INCLUDE_SOURCE;
				MTL_FAST_MATH = YES;
				ONLY_ACTIVE_ARCH = YES;
				SDKROOT = iphoneos;
				SWIFT_ACTIVE_COMPILATION_CONDITIONS = DEBUG;
				SWIFT_OPTIMIZATION_LEVEL = "-Onone";
			};
			name = Debug;
		};
		7C0306C5288E454200071801 /* Release */ = {
			isa = XCBuildConfiguration;
			buildSettings = {
				ALWAYS_SEARCH_USER_PATHS = NO;
				CLANG_ANALYZER_NONNULL = YES;
				CLANG_ANALYZER_NUMBER_OBJECT_CONVERSION = YES_AGGRESSIVE;
				CLANG_CXX_LANGUAGE_STANDARD = "gnu++17";
				CLANG_CXX_LIBRARY = "libc++";
				CLANG_ENABLE_MODULES = YES;
				CLANG_ENABLE_OBJC_ARC = YES;
				CLANG_ENABLE_OBJC_WEAK = YES;
				CLANG_WARN_BLOCK_CAPTURE_AUTORELEASING = YES;
				CLANG_WARN_BOOL_CONVERSION = YES;
				CLANG_WARN_COMMA = YES;
				CLANG_WARN_CONSTANT_CONVERSION = YES;
				CLANG_WARN_DEPRECATED_OBJC_IMPLEMENTATIONS = YES;
				CLANG_WARN_DIRECT_OBJC_ISA_USAGE = YES_ERROR;
				CLANG_WARN_DOCUMENTATION_COMMENTS = YES;
				CLANG_WARN_EMPTY_BODY = YES;
				CLANG_WARN_ENUM_CONVERSION = YES;
				CLANG_WARN_INFINITE_RECURSION = YES;
				CLANG_WARN_INT_CONVERSION = YES;
				CLANG_WARN_NON_LITERAL_NULL_CONVERSION = YES;
				CLANG_WARN_OBJC_IMPLICIT_RETAIN_SELF = YES;
				CLANG_WARN_OBJC_LITERAL_CONVERSION = YES;
				CLANG_WARN_OBJC_ROOT_CLASS = YES_ERROR;
				CLANG_WARN_QUOTED_INCLUDE_IN_FRAMEWORK_HEADER = YES;
				CLANG_WARN_RANGE_LOOP_ANALYSIS = YES;
				CLANG_WARN_STRICT_PROTOTYPES = YES;
				CLANG_WARN_SUSPICIOUS_MOVE = YES;
				CLANG_WARN_UNGUARDED_AVAILABILITY = YES_AGGRESSIVE;
				CLANG_WARN_UNREACHABLE_CODE = YES;
				CLANG_WARN__DUPLICATE_METHOD_MATCH = YES;
				COPY_PHASE_STRIP = NO;
				DEBUG_INFORMATION_FORMAT = "dwarf-with-dsym";
				ENABLE_NS_ASSERTIONS = NO;
				ENABLE_STRICT_OBJC_MSGSEND = YES;
				GCC_C_LANGUAGE_STANDARD = gnu11;
				GCC_NO_COMMON_BLOCKS = YES;
				GCC_WARN_64_TO_32_BIT_CONVERSION = YES;
				GCC_WARN_ABOUT_RETURN_TYPE = YES_ERROR;
				GCC_WARN_UNDECLARED_SELECTOR = YES;
				GCC_WARN_UNINITIALIZED_AUTOS = YES_AGGRESSIVE;
				GCC_WARN_UNUSED_FUNCTION = YES;
				GCC_WARN_UNUSED_VARIABLE = YES;
				IPHONEOS_DEPLOYMENT_TARGET = 15.2;
				MTL_ENABLE_DEBUG_INFO = NO;
				MTL_FAST_MATH = YES;
				SDKROOT = iphoneos;
				SWIFT_COMPILATION_MODE = wholemodule;
				SWIFT_OPTIMIZATION_LEVEL = "-O";
				VALIDATE_PRODUCT = YES;
			};
			name = Release;
		};
		7C0306C7288E454200071801 /* Debug */ = {
			isa = XCBuildConfiguration;
			buildSettings = {
				ASSETCATALOG_COMPILER_APPICON_NAME = AppIcon;
				ASSETCATALOG_COMPILER_GLOBAL_ACCENT_COLOR_NAME = AccentColor;
				ASSETCATALOG_COMPILER_INCLUDE_ALL_APPICON_ASSETS = NO;
				CODE_SIGN_STYLE = Automatic;
				CURRENT_PROJECT_VERSION = 1;
				GENERATE_INFOPLIST_FILE = YES;
				INFOPLIST_FILE = InspiringQuotes/Info.plist;
				INFOPLIST_KEY_UIApplicationSupportsIndirectInputEvents = YES;
				INFOPLIST_KEY_UILaunchStoryboardName = LaunchScreen;
				INFOPLIST_KEY_UIMainStoryboardFile = Main;
				INFOPLIST_KEY_UISupportedInterfaceOrientations_iPad = "UIInterfaceOrientationPortrait UIInterfaceOrientationPortraitUpsideDown UIInterfaceOrientationLandscapeLeft UIInterfaceOrientationLandscapeRight";
				INFOPLIST_KEY_UISupportedInterfaceOrientations_iPhone = "UIInterfaceOrientationPortrait UIInterfaceOrientationLandscapeLeft UIInterfaceOrientationLandscapeRight";
				IPHONEOS_DEPLOYMENT_TARGET = 15.2;
				LD_RUNPATH_SEARCH_PATHS = (
					"$(inherited)",
					"@executable_path/Frameworks",
				);
				MARKETING_VERSION = 1.0;
				PRODUCT_BUNDLE_IDENTIFIER = com.msb.InspiringQuotes;
				PRODUCT_NAME = "$(TARGET_NAME)";
				SWIFT_EMIT_LOC_STRINGS = YES;
				SWIFT_VERSION = 5.0;
				TARGETED_DEVICE_FAMILY = "1,2";
			};
			name = Debug;
		};
		7C0306C8288E454200071801 /* Release */ = {
			isa = XCBuildConfiguration;
			buildSettings = {
				ASSETCATALOG_COMPILER_APPICON_NAME = AppIcon;
				ASSETCATALOG_COMPILER_GLOBAL_ACCENT_COLOR_NAME = AccentColor;
				ASSETCATALOG_COMPILER_INCLUDE_ALL_APPICON_ASSETS = NO;
				CODE_SIGN_STYLE = Automatic;
				CURRENT_PROJECT_VERSION = 1;
				GENERATE_INFOPLIST_FILE = YES;
				INFOPLIST_FILE = InspiringQuotes/Info.plist;
				INFOPLIST_KEY_UIApplicationSupportsIndirectInputEvents = YES;
				INFOPLIST_KEY_UILaunchStoryboardName = LaunchScreen;
				INFOPLIST_KEY_UIMainStoryboardFile = Main;
				INFOPLIST_KEY_UISupportedInterfaceOrientations_iPad = "UIInterfaceOrientationPortrait UIInterfaceOrientationPortraitUpsideDown UIInterfaceOrientationLandscapeLeft UIInterfaceOrientationLandscapeRight";
				INFOPLIST_KEY_UISupportedInterfaceOrientations_iPhone = "UIInterfaceOrientationPortrait UIInterfaceOrientationLandscapeLeft UIInterfaceOrientationLandscapeRight";
				IPHONEOS_DEPLOYMENT_TARGET = 15.2;
				LD_RUNPATH_SEARCH_PATHS = (
					"$(inherited)",
					"@executable_path/Frameworks",
				);
				MARKETING_VERSION = 1.0;
				PRODUCT_BUNDLE_IDENTIFIER = com.msb.InspiringQuotes;
				PRODUCT_NAME = "$(TARGET_NAME)";
				SWIFT_EMIT_LOC_STRINGS = YES;
				SWIFT_VERSION = 5.0;
				TARGETED_DEVICE_FAMILY = "1,2";
			};
			name = Release;
		};
/* End XCBuildConfiguration section */

/* Begin XCConfigurationList section */
		7C0306AD288E454000071801 /* Build configuration list for PBXProject "InspiringQuotes" */ = {
			isa = XCConfigurationList;
			buildConfigurations = (
				7C0306C4288E454200071801 /* Debug */,
				7C0306C5288E454200071801 /* Release */,
			);
			defaultConfigurationIsVisible = 0;
			defaultConfigurationName = Release;
		};
		7C0306C6288E454200071801 /* Build configuration list for PBXNativeTarget "InspiringQuotes" */ = {
			isa = XCConfigurationList;
			buildConfigurations = (
				7C0306C7288E454200071801 /* Debug */,
				7C0306C8288E454200071801 /* Release */,
			);
			defaultConfigurationIsVisible = 0;
			defaultConfigurationName = Release;
		};
/* End XCConfigurationList section */

/* Begin XCVersionGroup section */
		7C2AA7B428A9514500783E19 /* InspiringQuotes.xcdatamodeld */ = {
			isa = XCVersionGroup;
			children = (
				7C2AA7B528A9514500783E19 /* InspiringQuotes.xcdatamodel */,
			);
			currentVersion = 7C2AA7B528A9514500783E19 /* InspiringQuotes.xcdatamodel */;
			path = InspiringQuotes.xcdatamodeld;
			sourceTree = "<group>";
			versionGroupType = wrapper.xcdatamodel;
		};
/* End XCVersionGroup section */
	};
	rootObject = 7C0306AA288E454000071801 /* Project object */;
}
